
Microsoft Visual Studio Solution File, Format Version 12.00
# Visual Studio Version 17
VisualStudioVersion = 17.11.35222.181
MinimumVisualStudioVersion = 10.0.40219.1
Project("{FAE04EC0-301F-11D3-BF4B-00C04F79EFBC}") = "BuilderDesignDemo", "BuilderDesignDemo.csproj", "{DFAD0632-EADD-48F0-9A78-6E6DA6FDB3C9}"
EndProject
Global
	GlobalSection(SolutionConfigurationPlatforms) = preSolution
		Debug|Any CPU = Debug|Any CPU
		Release|Any CPU = Release|Any CPU
	EndGlobalSection
	GlobalSection(ProjectConfigurationPlatforms) = postSolution
		{DFAD0632-EADD-48F0-9A78-6E6DA6FDB3C9}.Debug|Any CPU.ActiveCfg = Debug|Any CPU
		{DFAD0632-EADD-48F0-9A78-6E6DA6FDB3C9}.Debug|Any CPU.Build.0 = Debug|Any CPU
		{DFAD0632-EADD-48F0-9A78-6E6DA6FDB3C9}.Release|Any CPU.ActiveCfg = Release|Any CPU
		{DFAD0632-EADD-48F0-9A78-6E6DA6FDB3C9}.Release|Any CPU.Build.0 = Release|Any CPU
	EndGlobalSection
	GlobalSection(SolutionProperties) = preSolution
		HideSolutionNode = FALSE
	EndGlobalSection
	GlobalSection(ExtensibilityGlobals) = postSolution
		SolutionGuid = {F06F35C2-4998-49CF-865B-E7AB5EAA385B}
	EndGlobalSection
EndGlobal
